{
  "version": 4,
  "terraform_version": "1.14.8",
  "serial": 1,
  "lineage": "0fa0202c-eed2-631f-15d0-10c68ce4647c",
  "outputs": {},
  "resources": [
    {
      "mode": "managed",
      "type": "oci_core_instance",
      "name": "existing_instance",
      "provider": "provider[\"registry.terraform.io/hashicorp/oci\"]",
      "instances": [
        {
          "schema_version": 0,
          "attributes": {
            "agent_config": [
              {
                "are_all_plugins_disabled": false,
                "is_management_disabled": false,
                "is_monitoring_disabled": false,
                "plugins_config": [
                  {
                    "desired_state": "DISABLED",
                    "name": "Vulnerability Scanning"
                  },
                  {
                    "desired_state": "DISABLED",
                    "name": "OS Management Hub Agent"
                  },
                  {
                    "desired_state": "DISABLED",
                    "name": "Management Agent"
                  },
                  {
                    "desired_state": "ENABLED",
                    "name": "Custom Logs Monitoring"
                  },
                  {
                    "desired_state": "DISABLED",
                    "name": "Compute RDMA GPU Monitoring"
                  },
                  {
                    "desired_state": "ENABLED",
                    "name": "Compute Instance Monitoring"
                  },
                  {
                    "desired_state": "DISABLED",
                    "name": "Compute HPC RDMA Auto-Configuration"
                  },
                  {
                    "desired_state": "DISABLED",
                    "name": "Compute HPC RDMA Authentication"
                  },
                  {
                    "desired_state": "ENABLED",
                    "name": "Cloud Guard Workload Protection"
                  },
                  {
                    "desired_state": "DISABLED",
                    "name": "Block Volume Management"
                  },
                  {
                    "desired_state": "DISABLED",
                    "name": "Bastion"
                  }
                ]
              }
            ],
            "async": null,
            "availability_config": [
              {
                "is_live_migration_preferred": false,
                "recovery_action": "RESTORE_INSTANCE"
              }
            ],
            "availability_domain": "iCHS:US-SANJOSE-1-AD-1",
            "boot_volume_id": "ocid1.bootvolume.oc1.us-sanjose-1.abzwuljrvvrbttakpqbawuzpnn22aeu63l3zbn2vvaz2t5f5zklhoaduxr2a",
            "capacity_reservation_id": null,
            "cluster_placement_group_id": null,
            "compartment_id": "ocid1.compartment.oc1..aaaaaaaatbliq3n2r6phhrpknhnmegot7gvkpvifs3oqeaqzwkyoouepzsya",
            "compute_cluster_id": null,
            "create_vnic_details": [
              {
                "assign_ipv6ip": false,
                "assign_private_dns_record": false,
                "assign_public_ip": "true",
                "defined_tags": {
                  "Oracle-Tags.CreatedBy": "default/dposynko@gmail.com",
                  "Oracle-Tags.CreatedOn": "2026-04-05T04:03:54.660Z"
                },
                "display_name": "Ubuntu",
                "freeform_tags": {},
                "hostname_label": "ubuntu",
                "ipv6address_ipv6subnet_cidr_pair_details": [],
                "nsg_ids": [],
                "private_ip": "10.0.0.52",
                "private_ip_id": "",
                "security_attributes": {},
                "skip_source_dest_check": false,
                "subnet_cidr": "",
                "subnet_id": "ocid1.subnet.oc1.us-sanjose-1.aaaaaaaaqrqjricjshihxvpwzimn2y4aoi6hugvbs77gi6tjyekxbcpyodta",
                "vlan_id": ""
              }
            ],
            "dedicated_vm_host_id": null,
            "defined_tags": {
              "Oracle-Tags.CreatedBy": "default/dposynko@gmail.com",
              "Oracle-Tags.CreatedOn": "2026-04-05T04:03:54.533Z"
            },
            "display_name": "Ubuntu",
            "extended_metadata": {},
            "fault_domain": "FAULT-DOMAIN-2",
            "freeform_tags": {},
            "hostname_label": "ubuntu",
            "id": "ocid1.instance.oc1.us-sanjose-1.anzwuljr7xqfqzicfbgufbeh2dmccgh6p2lzft44vkhafir2wb42qourawka",
            "image": "ocid1.image.oc1.us-sanjose-1.aaaaaaaavoalqgvm37waj5ehczi36mljok5mkv34n2a3ektkdt2wpup6hkwa",
            "instance_configuration_id": null,
            "instance_options": [
              {
                "are_legacy_imds_endpoints_disabled": false
              }
            ],
            "ipxe_script": null,
            "is_ai_enterprise_enabled": null,
            "is_cross_numa_node": false,
            "is_pv_encryption_in_transit_enabled": null,
            "launch_mode": "PARAVIRTUALIZED",
            "launch_options": [
              {
                "boot_volume_type": "PARAVIRTUALIZED",
                "firmware": "UEFI_64",
                "is_consistent_volume_naming_enabled": true,
                "is_pv_encryption_in_transit_enabled": true,
                "network_type": "PARAVIRTUALIZED",
                "remote_data_volume_type": "PARAVIRTUALIZED"
              }
            ],
            "launch_volume_attachments": [],
            "licensing_configs": [],
            "metadata": {
              "ssh_authorized_keys": "ssh-rsa AAAAB3NzaC1yc2EAAAADAQABAAABAQCq58HwIh8+z+YHS7P3mzvwg/Oi5GZzqKQsDIxt5iUz0lFgYFsH7MCVFv/k/5uOwo4p3S4UxXUu9vyRUth3B8IFmCnT8uSJNFsrtzZZXB+vN4oIOARVnkale/Hw+mjKAqdVEX7rgXFL482W4m4fGWWUOK7iTML7vZDgAYHQijvBWsTMU++v8v4buNltmZjfGn74wNJXP4pU5/sIA3hb9AYgOBpNB2u4qzX/8jx4VlGjuumld9PGvHflTtKVwbMwWOGU/8uD8Ad9I3JaFuWTcWdF2TEloob4WOxipMKWUIvehkWYKd4ZRMzj5ou5EPSNEzUANrvPOtQNDiPdcHTWIcoR ssh-key-2025-11-26"
            },
            "placement_constraint_details": [],
            "platform_config": [],
            "preemptible_instance_config": [],
            "preserve_boot_volume": null,
            "preserve_data_volumes_created_at_launch": null,
            "private_ip": "10.0.0.52",
            "public_ip": "163.192.60.243",
            "region": "us-sanjose-1",
            "security_attributes": {},
            "security_attributes_state": "STABLE",
            "shape": "VM.Standard.E2.1.Micro",
            "shape_config": [
              {
                "baseline_ocpu_utilization": "",
                "gpu_description": "",
                "gpus": 0,
                "local_disk_description": "",
                "local_disks": 0,
                "local_disks_total_size_in_gbs": 0,
                "max_vnic_attachments": 1,
                "memory_in_gbs": 1,
                "networking_bandwidth_in_gbps": 0.47999998927116394,
                "nvmes": 0,
                "ocpus": 1,
                "processor_description": "2.0 GHz AMD EPYC™ 7551 (Naples)",
                "resource_management": "",
                "vcpus": 2
              }
            ],
            "source_details": [
              {
                "boot_volume_size_in_gbs": "47",
                "boot_volume_vpus_per_gb": "10",
                "instance_source_image_filter_details": [],
                "is_preserve_boot_volume_enabled": false,
                "kms_key_id": "",
                "source_id": "ocid1.image.oc1.us-sanjose-1.aaaaaaaavoalqgvm37waj5ehczi36mljok5mkv34n2a3ektkdt2wpup6hkwa",
                "source_type": "image"
              }
            ],
            "state": "RUNNING",
            "subnet_id": "ocid1.subnet.oc1.us-sanjose-1.aaaaaaaaqrqjricjshihxvpwzimn2y4aoi6hugvbs77gi6tjyekxbcpyodta",
            "system_tags": {
              "orcl-cloud.free-tier-retained": "true"
            },
            "time_created": "2026-04-05 04:03:54.982 +0000 UTC",
            "time_maintenance_reboot_due": "",
            "timeouts": null,
            "update_operation_constraint": null
          },
          "sensitive_attributes": [],
          "identity_schema_version": 0,
          "private": "eyJlMmJmYjczMC1lY2FhLTExZTYtOGY4OC0zNDM2M2JjN2M0YzAiOnsiY3JlYXRlIjoyNzAwMDAwMDAwMDAwLCJkZWxldGUiOjQ1MDAwMDAwMDAwMDAsInVwZGF0ZSI6MjcwMDAwMDAwMDAwMH0sInNjaGVtYV92ZXJzaW9uIjoiMCJ9"
        }
      ]
    }
  ],
  "check_results": null
}
